// !$*UTF8*$!
{
	archiveVersion = 1;
	classes = {
	};
	objectVersion = 46;
	objects = {

/* Begin PBXBuildFile section */
		9E2B5A8D157056A800123B05 /* UIKit.framework in Frameworks */ = {isa = PBXBuildFile; fileRef = 9E2B5A8C157056A800123B05 /* UIKit.framework */; };
		9E2B5A8F157056A800123B05 /* Foundation.framework in Frameworks */ = {isa = PBXBuildFile; fileRef = 9E2B5A8E157056A800123B05 /* Foundation.framework */; };
		9E2B5A91157056A800123B05 /* CoreGraphics.framework in Frameworks */ = {isa = PBXBuildFile; fileRef = 9E2B5A90157056A800123B05 /* CoreGraphics.framework */; };
		9E2B5A97157056A800123B05 /* InfoPlist.strings in Resources */ = {isa = PBXBuildFile; fileRef = 9E2B5A95157056A800123B05 /* InfoPlist.strings */; };
		9E2B5A99157056A800123B05 /* main.m in Sources */ = {isa = PBXBuildFile; fileRef = 9E2B5A98157056A800123B05 /* main.m */; };
		9E2B5A9D157056A800123B05 /* AppDelegate.m in Sources */ = {isa = PBXBuildFile; fileRef = 9E2B5A9C157056A800123B05 /* AppDelegate.m */; };
		9E2B5AA5157056A800123B05 /* SenTestingKit.framework in Frameworks */ = {isa = PBXBuildFile; fileRef = 9E2B5AA4157056A800123B05 /* SenTestingKit.framework */; };
		9E2B5AA6157056A800123B05 /* UIKit.framework in Frameworks */ = {isa = PBXBuildFile; fileRef = 9E2B5A8C157056A800123B05 /* UIKit.framework */; };
		9E2B5AA7157056A800123B05 /* Foundation.framework in Frameworks */ = {isa = PBXBuildFile; fileRef = 9E2B5A8E157056A800123B05 /* Foundation.framework */; };
		9E2B5AAF157056A800123B05 /* InfoPlist.strings in Resources */ = {isa = PBXBuildFile; fileRef = 9E2B5AAD157056A800123B05 /* InfoPlist.strings */; };
		9E2B5AB2157056A800123B05 /* ClubInTests.m in Sources */ = {isa = PBXBuildFile; fileRef = 9E2B5AB1157056A800123B05 /* ClubInTests.m */; };
		9E2B5ABE157056F700123B05 /* ClubsViewController.m in Sources */ = {isa = PBXBuildFile; fileRef = 9E2B5ABD157056F700123B05 /* ClubsViewController.m */; };
		9E2B5AC515705B2F00123B05 /* ProfileViewController.m in Sources */ = {isa = PBXBuildFile; fileRef = 9E2B5AC415705B2F00123B05 /* ProfileViewController.m */; };
		9E2B5AC715705C3200123B05 /* QuartzCore.framework in Frameworks */ = {isa = PBXBuildFile; fileRef = 9E2B5AC615705C3200123B05 /* QuartzCore.framework */; };
		9E2B5B4A1570ADCE00123B05 /* Facebook.m in Sources */ = {isa = PBXBuildFile; fileRef = 9E2B5B3D1570ADCE00123B05 /* Facebook.m */; };
		9E2B5B4B1570ADCE00123B05 /* FBConnect.bundle in Resources */ = {isa = PBXBuildFile; fileRef = 9E2B5B3E1570ADCE00123B05 /* FBConnect.bundle */; };
		9E2B5B4C1570ADCE00123B05 /* FBDialog.bundle in Resources */ = {isa = PBXBuildFile; fileRef = 9E2B5B401570ADCE00123B05 /* FBDialog.bundle */; };
		9E2B5B4D1570ADCE00123B05 /* FBDialog.m in Sources */ = {isa = PBXBuildFile; fileRef = 9E2B5B421570ADCE00123B05 /* FBDialog.m */; };
		9E2B5B4E1570ADCE00123B05 /* FBFrictionlessRequestSettings.m in Sources */ = {isa = PBXBuildFile; fileRef = 9E2B5B441570ADCE00123B05 /* FBFrictionlessRequestSettings.m */; };
		9E2B5B4F1570ADCE00123B05 /* FBLoginDialog.m in Sources */ = {isa = PBXBuildFile; fileRef = 9E2B5B461570ADCE00123B05 /* FBLoginDialog.m */; };
		9E2B5B501570ADCE00123B05 /* FBRequest.m in Sources */ = {isa = PBXBuildFile; fileRef = 9E2B5B481570ADCE00123B05 /* FBRequest.m */; };
		9E2B5BBE1570CF5700123B05 /* NSObject+SBJSON.m in Sources */ = {isa = PBXBuildFile; fileRef = 9E2B5BB31570CF5700123B05 /* NSObject+SBJSON.m */; };
		9E2B5BBF1570CF5700123B05 /* NSString+SBJSON.m in Sources */ = {isa = PBXBuildFile; fileRef = 9E2B5BB51570CF5700123B05 /* NSString+SBJSON.m */; };
		9E2B5BC01570CF5700123B05 /* SBJSON.m in Sources */ = {isa = PBXBuildFile; fileRef = 9E2B5BB71570CF5700123B05 /* SBJSON.m */; };
		9E2B5BC11570CF5700123B05 /* SBJsonBase.m in Sources */ = {isa = PBXBuildFile; fileRef = 9E2B5BB91570CF5700123B05 /* SBJsonBase.m */; };
		9E2B5BC21570CF5700123B05 /* SBJsonParser.m in Sources */ = {isa = PBXBuildFile; fileRef = 9E2B5BBB1570CF5700123B05 /* SBJsonParser.m */; };
		9E2B5BC31570CF5700123B05 /* SBJsonWriter.m in Sources */ = {isa = PBXBuildFile; fileRef = 9E2B5BBD1570CF5700123B05 /* SBJsonWriter.m */; };
		9E2B5BCF1570D08100123B05 /* LoginViewController.m in Sources */ = {isa = PBXBuildFile; fileRef = 9E2B5BCE1570D08100123B05 /* LoginViewController.m */; };
		9E2B5BDB1570D42800123B05 /* 24_info.png in Resources */ = {isa = PBXBuildFile; fileRef = 9E2B5BD51570D42800123B05 /* 24_info.png */; };
		9E2B5BDC1570D42800123B05 /* arrow.png in Resources */ = {isa = PBXBuildFile; fileRef = 9E2B5BD61570D42800123B05 /* arrow.png */; };
		9E2B5BDD1570D42800123B05 /* Default.png in Resources */ = {isa = PBXBuildFile; fileRef = 9E2B5BD71570D42800123B05 /* Default.png */; };
		9E2B5BDE1570D42800123B05 /* logo.png in Resources */ = {isa = PBXBuildFile; fileRef = 9E2B5BD81570D42800123B05 /* logo.png */; };
		9E2B5BE01570D42800123B05 /* pin.png in Resources */ = {isa = PBXBuildFile; fileRef = 9E2B5BDA1570D42800123B05 /* pin.png */; };
		9E2B5BE21570D4DB00123B05 /* logoR.png in Resources */ = {isa = PBXBuildFile; fileRef = 9E2B5BE11570D4DB00123B05 /* logoR.png */; };
		9E2B5BE81570D87100123B05 /* ClubDetailsInterface.m in Sources */ = {isa = PBXBuildFile; fileRef = 9E2B5BE51570D87100123B05 /* ClubDetailsInterface.m */; };
		9E2B5BE91570D87100123B05 /* XMLParser.m in Sources */ = {isa = PBXBuildFile; fileRef = 9E2B5BE71570D87100123B05 /* XMLParser.m */; };
		9E2B5BEC1570D96F00123B05 /* PullRefreshTableViewController.m in Sources */ = {isa = PBXBuildFile; fileRef = 9E2B5BEB1570D96F00123B05 /* PullRefreshTableViewController.m */; };
		9E2B5BF21570DB9600123B05 /* MapViewAnnotation.m in Sources */ = {isa = PBXBuildFile; fileRef = 9E2B5BEF1570DB9600123B05 /* MapViewAnnotation.m */; };
		9E2B5BF31570DB9600123B05 /* NearbyClubsViewController.m in Sources */ = {isa = PBXBuildFile; fileRef = 9E2B5BF11570DB9600123B05 /* NearbyClubsViewController.m */; };
		9E2B5BF51570DC0100123B05 /* MapKit.framework in Frameworks */ = {isa = PBXBuildFile; fileRef = 9E2B5BF41570DC0100123B05 /* MapKit.framework */; };
		9E2B5BF71570DC0A00123B05 /* CoreLocation.framework in Frameworks */ = {isa = PBXBuildFile; fileRef = 9E2B5BF61570DC0A00123B05 /* CoreLocation.framework */; };
		9E2B5BFF1570F5CD00123B05 /* DetailViewController.m in Sources */ = {isa = PBXBuildFile; fileRef = 9E2B5BFE1570F5CD00123B05 /* DetailViewController.m */; };
/* End PBXBuildFile section */

/* Begin PBXContainerItemProxy section */
		9E2B5AA8157056A800123B05 /* PBXContainerItemProxy */ = {
			isa = PBXContainerItemProxy;
			containerPortal = 9E2B5A7F157056A800123B05 /* Project object */;
			proxyType = 1;
			remoteGlobalIDString = 9E2B5A87157056A800123B05;
			remoteInfo = ClubIn;
		};
/* End PBXContainerItemProxy section */

/* Begin PBXFileReference section */
		9E2B5A88157056A800123B05 /* ClubIn.app */ = {isa = PBXFileReference; explicitFileType = wrapper.application; includeInIndex = 0; path = ClubIn.app; sourceTree = BUILT_PRODUCTS_DIR; };
		9E2B5A8C157056A800123B05 /* UIKit.framework */ = {isa = PBXFileReference; lastKnownFileType = wrapper.framework; name = UIKit.framework; path = System/Library/Frameworks/UIKit.framework; sourceTree = SDKROOT; };
		9E2B5A8E157056A800123B05 /* Foundation.framework */ = {isa = PBXFileReference; lastKnownFileType = wrapper.framework; name = Foundation.framework; path = System/Library/Frameworks/Foundation.framework; sourceTree = SDKROOT; };
		9E2B5A90157056A800123B05 /* CoreGraphics.framework */ = {isa = PBXFileReference; lastKnownFileType = wrapper.framework; name = CoreGraphics.framework; path = System/Library/Frameworks/CoreGraphics.framework; sourceTree = SDKROOT; };
		9E2B5A94157056A800123B05 /* ClubIn-Info.plist */ = {isa = PBXFileReference; lastKnownFileType = text.plist.xml; path = "ClubIn-Info.plist"; sourceTree = "<group>"; };
		9E2B5A96157056A800123B05 /* en */ = {isa = PBXFileReference; lastKnownFileType = text.plist.strings; name = en; path = en.lproj/InfoPlist.strings; sourceTree = "<group>"; };
		9E2B5A98157056A800123B05 /* main.m */ = {isa = PBXFileReference; lastKnownFileType = sourcecode.c.objc; path = main.m; sourceTree = "<group>"; };
		9E2B5A9A157056A800123B05 /* ClubIn-Prefix.pch */ = {isa = PBXFileReference; lastKnownFileType = sourcecode.c.h; path = "ClubIn-Prefix.pch"; sourceTree = "<group>"; };
		9E2B5A9B157056A800123B05 /* AppDelegate.h */ = {isa = PBXFileReference; lastKnownFileType = sourcecode.c.h; path = AppDelegate.h; sourceTree = "<group>"; };
		9E2B5A9C157056A800123B05 /* AppDelegate.m */ = {isa = PBXFileReference; lastKnownFileType = sourcecode.c.objc; path = AppDelegate.m; sourceTree = "<group>"; };
		9E2B5AA3157056A800123B05 /* ClubInTests.octest */ = {isa = PBXFileReference; explicitFileType = wrapper.cfbundle; includeInIndex = 0; path = ClubInTests.octest; sourceTree = BUILT_PRODUCTS_DIR; };
		9E2B5AA4157056A800123B05 /* SenTestingKit.framework */ = {isa = PBXFileReference; lastKnownFileType = wrapper.framework; name = SenTestingKit.framework; path = Library/Frameworks/SenTestingKit.framework; sourceTree = DEVELOPER_DIR; };
		9E2B5AAC157056A800123B05 /* ClubInTests-Info.plist */ = {isa = PBXFileReference; lastKnownFileType = text.plist.xml; path = "ClubInTests-Info.plist"; sourceTree = "<group>"; };
		9E2B5AAE157056A800123B05 /* en */ = {isa = PBXFileReference; lastKnownFileType = text.plist.strings; name = en; path = en.lproj/InfoPlist.strings; sourceTree = "<group>"; };
		9E2B5AB0157056A800123B05 /* ClubInTests.h */ = {isa = PBXFileReference; lastKnownFileType = sourcecode.c.h; path = ClubInTests.h; sourceTree = "<group>"; };
		9E2B5AB1157056A800123B05 /* ClubInTests.m */ = {isa = PBXFileReference; lastKnownFileType = sourcecode.c.objc; path = ClubInTests.m; sourceTree = "<group>"; };
		9E2B5ABC157056F700123B05 /* ClubsViewController.h */ = {isa = PBXFileReference; fileEncoding = 4; lastKnownFileType = sourcecode.c.h; path = ClubsViewController.h; sourceTree = "<group>"; };
		9E2B5ABD157056F700123B05 /* ClubsViewController.m */ = {isa = PBXFileReference; fileEncoding = 4; lastKnownFileType = sourcecode.c.objc; path = ClubsViewController.m; sourceTree = "<group>"; };
		9E2B5AC315705B2F00123B05 /* ProfileViewController.h */ = {isa = PBXFileReference; fileEncoding = 4; lastKnownFileType = sourcecode.c.h; path = ProfileViewController.h; sourceTree = "<group>"; };
		9E2B5AC415705B2F00123B05 /* ProfileViewController.m */ = {isa = PBXFileReference; fileEncoding = 4; lastKnownFileType = sourcecode.c.objc; path = ProfileViewController.m; sourceTree = "<group>"; };
		9E2B5AC615705C3200123B05 /* QuartzCore.framework */ = {isa = PBXFileReference; lastKnownFileType = wrapper.framework; name = QuartzCore.framework; path = System/Library/Frameworks/QuartzCore.framework; sourceTree = SDKROOT; };
		9E2B5B3C1570ADCE00123B05 /* Facebook.h */ = {isa = PBXFileReference; fileEncoding = 4; lastKnownFileType = sourcecode.c.h; path = Facebook.h; sourceTree = "<group>"; };
		9E2B5B3D1570ADCE00123B05 /* Facebook.m */ = {isa = PBXFileReference; fileEncoding = 4; lastKnownFileType = sourcecode.c.objc; path = Facebook.m; sourceTree = "<group>"; };
		9E2B5B3E1570ADCE00123B05 /* FBConnect.bundle */ = {isa = PBXFileReference; lastKnownFileType = "wrapper.plug-in"; path = FBConnect.bundle; sourceTree = "<group>"; };
		9E2B5B3F1570ADCE00123B05 /* FBConnect.h */ = {isa = PBXFileReference; fileEncoding = 4; lastKnownFileType = sourcecode.c.h; path = FBConnect.h; sourceTree = "<group>"; };
		9E2B5B401570ADCE00123B05 /* FBDialog.bundle */ = {isa = PBXFileReference; lastKnownFileType = "wrapper.plug-in"; path = FBDialog.bundle; sourceTree = "<group>"; };
		9E2B5B411570ADCE00123B05 /* FBDialog.h */ = {isa = PBXFileReference; fileEncoding = 4; lastKnownFileType = sourcecode.c.h; path = FBDialog.h; sourceTree = "<group>"; };
		9E2B5B421570ADCE00123B05 /* FBDialog.m */ = {isa = PBXFileReference; fileEncoding = 4; lastKnownFileType = sourcecode.c.objc; path = FBDialog.m; sourceTree = "<group>"; };
		9E2B5B431570ADCE00123B05 /* FBFrictionlessRequestSettings.h */ = {isa = PBXFileReference; fileEncoding = 4; lastKnownFileType = sourcecode.c.h; path = FBFrictionlessRequestSettings.h; sourceTree = "<group>"; };
		9E2B5B441570ADCE00123B05 /* FBFrictionlessRequestSettings.m */ = {isa = PBXFileReference; fileEncoding = 4; lastKnownFileType = sourcecode.c.objc; path = FBFrictionlessRequestSettings.m; sourceTree = "<group>"; };
		9E2B5B451570ADCE00123B05 /* FBLoginDialog.h */ = {isa = PBXFileReference; fileEncoding = 4; lastKnownFileType = sourcecode.c.h; path = FBLoginDialog.h; sourceTree = "<group>"; };
		9E2B5B461570ADCE00123B05 /* FBLoginDialog.m */ = {isa = PBXFileReference; fileEncoding = 4; lastKnownFileType = sourcecode.c.objc; path = FBLoginDialog.m; sourceTree = "<group>"; };
		9E2B5B471570ADCE00123B05 /* FBRequest.h */ = {isa = PBXFileReference; fileEncoding = 4; lastKnownFileType = sourcecode.c.h; path = FBRequest.h; sourceTree = "<group>"; };
		9E2B5B481570ADCE00123B05 /* FBRequest.m */ = {isa = PBXFileReference; fileEncoding = 4; lastKnownFileType = sourcecode.c.objc; path = FBRequest.m; sourceTree = "<group>"; };
		9E2B5BB11570CF5700123B05 /* JSON.h */ = {isa = PBXFileReference; fileEncoding = 4; lastKnownFileType = sourcecode.c.h; path = JSON.h; sourceTree = "<group>"; };
		9E2B5BB21570CF5700123B05 /* NSObject+SBJSON.h */ = {isa = PBXFileReference; fileEncoding = 4; lastKnownFileType = sourcecode.c.h; path = "NSObject+SBJSON.h"; sourceTree = "<group>"; };
		9E2B5BB31570CF5700123B05 /* NSObject+SBJSON.m */ = {isa = PBXFileReference; fileEncoding = 4; lastKnownFileType = sourcecode.c.objc; path = "NSObject+SBJSON.m"; sourceTree = "<group>"; };
		9E2B5BB41570CF5700123B05 /* NSString+SBJSON.h */ = {isa = PBXFileReference; fileEncoding = 4; lastKnownFileType = sourcecode.c.h; path = "NSString+SBJSON.h"; sourceTree = "<group>"; };
		9E2B5BB51570CF5700123B05 /* NSString+SBJSON.m */ = {isa = PBXFileReference; fileEncoding = 4; lastKnownFileType = sourcecode.c.objc; path = "NSString+SBJSON.m"; sourceTree = "<group>"; };
		9E2B5BB61570CF5700123B05 /* SBJSON.h */ = {isa = PBXFileReference; fileEncoding = 4; lastKnownFileType = sourcecode.c.h; path = SBJSON.h; sourceTree = "<group>"; };
		9E2B5BB71570CF5700123B05 /* SBJSON.m */ = {isa = PBXFileReference; fileEncoding = 4; lastKnownFileType = sourcecode.c.objc; path = SBJSON.m; sourceTree = "<group>"; };
		9E2B5BB81570CF5700123B05 /* SBJsonBase.h */ = {isa = PBXFileReference; fileEncoding = 4; lastKnownFileType = sourcecode.c.h; path = SBJsonBase.h; sourceTree = "<group>"; };
		9E2B5BB91570CF5700123B05 /* SBJsonBase.m */ = {isa = PBXFileReference; fileEncoding = 4; lastKnownFileType = sourcecode.c.objc; path = SBJsonBase.m; sourceTree = "<group>"; };
		9E2B5BBA1570CF5700123B05 /* SBJsonParser.h */ = {isa = PBXFileReference; fileEncoding = 4; lastKnownFileType = sourcecode.c.h; path = SBJsonParser.h; sourceTree = "<group>"; };
		9E2B5BBB1570CF5700123B05 /* SBJsonParser.m */ = {isa = PBXFileReference; fileEncoding = 4; lastKnownFileType = sourcecode.c.objc; path = SBJsonParser.m; sourceTree = "<group>"; };
		9E2B5BBC1570CF5700123B05 /* SBJsonWriter.h */ = {isa = PBXFileReference; fileEncoding = 4; lastKnownFileType = sourcecode.c.h; path = SBJsonWriter.h; sourceTree = "<group>"; };
		9E2B5BBD1570CF5700123B05 /* SBJsonWriter.m */ = {isa = PBXFileReference; fileEncoding = 4; lastKnownFileType = sourcecode.c.objc; path = SBJsonWriter.m; sourceTree = "<group>"; };
		9E2B5BCD1570D08100123B05 /* LoginViewController.h */ = {isa = PBXFileReference; fileEncoding = 4; lastKnownFileType = sourcecode.c.h; path = LoginViewController.h; sourceTree = "<group>"; };
		9E2B5BCE1570D08100123B05 /* LoginViewController.m */ = {isa = PBXFileReference; fileEncoding = 4; lastKnownFileType = sourcecode.c.objc; path = LoginViewController.m; sourceTree = "<group>"; };
		9E2B5BD51570D42800123B05 /* 24_info.png */ = {isa = PBXFileReference; lastKnownFileType = image.png; path = 24_info.png; sourceTree = "<group>"; };
		9E2B5BD61570D42800123B05 /* arrow.png */ = {isa = PBXFileReference; lastKnownFileType = image.png; path = arrow.png; sourceTree = "<group>"; };
		9E2B5BD71570D42800123B05 /* Default.png */ = {isa = PBXFileReference; lastKnownFileType = image.png; path = Default.png; sourceTree = "<group>"; };
		9E2B5BD81570D42800123B05 /* logo.png */ = {isa = PBXFileReference; lastKnownFileType = image.png; path = logo.png; sourceTree = "<group>"; };
		9E2B5BDA1570D42800123B05 /* pin.png */ = {isa = PBXFileReference; lastKnownFileType = image.png; path = pin.png; sourceTree = "<group>"; };
		9E2B5BE11570D4DB00123B05 /* logoR.png */ = {isa = PBXFileReference; lastKnownFileType = image.png; name = logoR.png; path = ../logoR.png; sourceTree = "<group>"; };
		9E2B5BE41570D87100123B05 /* ClubDetailsInterface.h */ = {isa = PBXFileReference; fileEncoding = 4; lastKnownFileType = sourcecode.c.h; path = ClubDetailsInterface.h; sourceTree = "<group>"; };
		9E2B5BE51570D87100123B05 /* ClubDetailsInterface.m */ = {isa = PBXFileReference; fileEncoding = 4; lastKnownFileType = sourcecode.c.objc; path = ClubDetailsInterface.m; sourceTree = "<group>"; };
		9E2B5BE61570D87100123B05 /* XMLParser.h */ = {isa = PBXFileReference; fileEncoding = 4; lastKnownFileType = sourcecode.c.h; path = XMLParser.h; sourceTree = "<group>"; };
		9E2B5BE71570D87100123B05 /* XMLParser.m */ = {isa = PBXFileReference; fileEncoding = 4; lastKnownFileType = sourcecode.c.objc; path = XMLParser.m; sourceTree = "<group>"; };
		9E2B5BEA1570D96F00123B05 /* PullRefreshTableViewController.h */ = {isa = PBXFileReference; fileEncoding = 4; lastKnownFileType = sourcecode.c.h; path = PullRefreshTableViewController.h; sourceTree = "<group>"; };
		9E2B5BEB1570D96F00123B05 /* PullRefreshTableViewController.m */ = {isa = PBXFileReference; fileEncoding = 4; lastKnownFileType = sourcecode.c.objc; path = PullRefreshTableViewController.m; sourceTree = "<group>"; };
		9E2B5BEE1570DB9600123B05 /* MapViewAnnotation.h */ = {isa = PBXFileReference; fileEncoding = 4; lastKnownFileType = sourcecode.c.h; path = MapViewAnnotation.h; sourceTree = "<group>"; };
		9E2B5BEF1570DB9600123B05 /* MapViewAnnotation.m */ = {isa = PBXFileReference; fileEncoding = 4; lastKnownFileType = sourcecode.c.objc; path = MapViewAnnotation.m; sourceTree = "<group>"; };
		9E2B5BF01570DB9600123B05 /* NearbyClubsViewController.h */ = {isa = PBXFileReference; fileEncoding = 4; lastKnownFileType = sourcecode.c.h; path = NearbyClubsViewController.h; sourceTree = "<group>"; };
		9E2B5BF11570DB9600123B05 /* NearbyClubsViewController.m */ = {isa = PBXFileReference; fileEncoding = 4; lastKnownFileType = sourcecode.c.objc; path = NearbyClubsViewController.m; sourceTree = "<group>"; };
		9E2B5BF41570DC0100123B05 /* MapKit.framework */ = {isa = PBXFileReference; lastKnownFileType = wrapper.framework; name = MapKit.framework; path = System/Library/Frameworks/MapKit.framework; sourceTree = SDKROOT; };
		9E2B5BF61570DC0A00123B05 /* CoreLocation.framework */ = {isa = PBXFileReference; lastKnownFileType = wrapper.framework; name = CoreLocation.framework; path = System/Library/Frameworks/CoreLocation.framework; sourceTree = SDKROOT; };
		9E2B5BFD1570F5CD00123B05 /* DetailViewController.h */ = {isa = PBXFileReference; fileEncoding = 4; lastKnownFileType = sourcecode.c.h; path = DetailViewController.h; sourceTree = "<group>"; };
		9E2B5BFE1570F5CD00123B05 /* DetailViewController.m */ = {isa = PBXFileReference; fileEncoding = 4; lastKnownFileType = sourcecode.c.objc; path = DetailViewController.m; sourceTree = "<group>"; };
/* End PBXFileReference section */

/* Begin PBXFrameworksBuildPhase section */
		9E2B5A85157056A800123B05 /* Frameworks */ = {
			isa = PBXFrameworksBuildPhase;
			buildActionMask = 2147483647;
			files = (
				9E2B5BF71570DC0A00123B05 /* CoreLocation.framework in Frameworks */,
				9E2B5BF51570DC0100123B05 /* MapKit.framework in Frameworks */,
				9E2B5AC715705C3200123B05 /* QuartzCore.framework in Frameworks */,
				9E2B5A8D157056A800123B05 /* UIKit.framework in Frameworks */,
				9E2B5A8F157056A800123B05 /* Foundation.framework in Frameworks */,
				9E2B5A91157056A800123B05 /* CoreGraphics.framework in Frameworks */,
			);
			runOnlyForDeploymentPostprocessing = 0;
		};
		9E2B5A9F157056A800123B05 /* Frameworks */ = {
			isa = PBXFrameworksBuildPhase;
			buildActionMask = 2147483647;
			files = (
				9E2B5AA5157056A800123B05 /* SenTestingKit.framework in Frameworks */,
				9E2B5AA6157056A800123B05 /* UIKit.framework in Frameworks */,
				9E2B5AA7157056A800123B05 /* Foundation.framework in Frameworks */,
			);
			runOnlyForDeploymentPostprocessing = 0;
		};
/* End PBXFrameworksBuildPhase section */

/* Begin PBXGroup section */
		9E2B5A7D157056A800123B05 = {
			isa = PBXGroup;
			children = (
				9E2B5A92157056A800123B05 /* ClubIn */,
				9E2B5AAA157056A800123B05 /* ClubInTests */,
				9E2B5A8B157056A800123B05 /* Frameworks */,
				9E2B5A89157056A800123B05 /* Products */,
			);
			sourceTree = "<group>";
		};
		9E2B5A89157056A800123B05 /* Products */ = {
			isa = PBXGroup;
			children = (
				9E2B5A88157056A800123B05 /* ClubIn.app */,
				9E2B5AA3157056A800123B05 /* ClubInTests.octest */,
			);
			name = Products;
			sourceTree = "<group>";
		};
		9E2B5A8B157056A800123B05 /* Frameworks */ = {
			isa = PBXGroup;
			children = (
				9E2B5BF61570DC0A00123B05 /* CoreLocation.framework */,
				9E2B5BF41570DC0100123B05 /* MapKit.framework */,
				9E2B5AC615705C3200123B05 /* QuartzCore.framework */,
				9E2B5A8C157056A800123B05 /* UIKit.framework */,
				9E2B5A8E157056A800123B05 /* Foundation.framework */,
				9E2B5A90157056A800123B05 /* CoreGraphics.framework */,
				9E2B5AA4157056A800123B05 /* SenTestingKit.framework */,
			);
			name = Frameworks;
			sourceTree = "<group>";
		};
		9E2B5A92157056A800123B05 /* ClubIn */ = {
			isa = PBXGroup;
			children = (
				9E2B5BFC1570F5A800123B05 /* DetailView */,
				9E2B5BED1570DB1200123B05 /* ClubMap */,
				9E2B5BE31570D82C00123B05 /* XMLParser */,
				9E2B5BD41570D40100123B05 /* Images */,
				9E2B5BCC1570D07100123B05 /* Login */,
				9E2B5BC41570CFDB00123B05 /* PullToRefresh */,
				9E2B5B3B1570ADB800123B05 /* FBConnect */,
				9E2B5ABB157056BF00123B05 /* TabbarControllerViews */,
				9E2B5A9B157056A800123B05 /* AppDelegate.h */,
				9E2B5A9C157056A800123B05 /* AppDelegate.m */,
				9E2B5A93157056A800123B05 /* Supporting Files */,
			);
			path = ClubIn;
			sourceTree = "<group>";
		};
		9E2B5A93157056A800123B05 /* Supporting Files */ = {
			isa = PBXGroup;
			children = (
				9E2B5A94157056A800123B05 /* ClubIn-Info.plist */,
				9E2B5A95157056A800123B05 /* InfoPlist.strings */,
				9E2B5A98157056A800123B05 /* main.m */,
				9E2B5A9A157056A800123B05 /* ClubIn-Prefix.pch */,
			);
			name = "Supporting Files";
			sourceTree = "<group>";
		};
		9E2B5AAA157056A800123B05 /* ClubInTests */ = {
			isa = PBXGroup;
			children = (
				9E2B5AB0157056A800123B05 /* ClubInTests.h */,
				9E2B5AB1157056A800123B05 /* ClubInTests.m */,
				9E2B5AAB157056A800123B05 /* Supporting Files */,
			);
			path = ClubInTests;
			sourceTree = "<group>";
		};
		9E2B5AAB157056A800123B05 /* Supporting Files */ = {
			isa = PBXGroup;
			children = (
				9E2B5AAC157056A800123B05 /* ClubInTests-Info.plist */,
				9E2B5AAD157056A800123B05 /* InfoPlist.strings */,
			);
			name = "Supporting Files";
			sourceTree = "<group>";
		};
		9E2B5ABB157056BF00123B05 /* TabbarControllerViews */ = {
			isa = PBXGroup;
			children = (
				9E2B5ABC157056F700123B05 /* ClubsViewController.h */,
				9E2B5ABD157056F700123B05 /* ClubsViewController.m */,
				9E2B5AC315705B2F00123B05 /* ProfileViewController.h */,
				9E2B5AC415705B2F00123B05 /* ProfileViewController.m */,
			);
			name = TabbarControllerViews;
			sourceTree = "<group>";
		};
		9E2B5B3B1570ADB800123B05 /* FBConnect */ = {
			isa = PBXGroup;
			children = (
				9E2B5BB01570CF5700123B05 /* JSON */,
				9E2B5B3C1570ADCE00123B05 /* Facebook.h */,
				9E2B5B3D1570ADCE00123B05 /* Facebook.m */,
				9E2B5B3E1570ADCE00123B05 /* FBConnect.bundle */,
				9E2B5B3F1570ADCE00123B05 /* FBConnect.h */,
				9E2B5B401570ADCE00123B05 /* FBDialog.bundle */,
				9E2B5B411570ADCE00123B05 /* FBDialog.h */,
				9E2B5B421570ADCE00123B05 /* FBDialog.m */,
				9E2B5B431570ADCE00123B05 /* FBFrictionlessRequestSettings.h */,
				9E2B5B441570ADCE00123B05 /* FBFrictionlessRequestSettings.m */,
				9E2B5B451570ADCE00123B05 /* FBLoginDialog.h */,
				9E2B5B461570ADCE00123B05 /* FBLoginDialog.m */,
				9E2B5B471570ADCE00123B05 /* FBRequest.h */,
				9E2B5B481570ADCE00123B05 /* FBRequest.m */,
			);
			name = FBConnect;
			sourceTree = "<group>";
		};
		9E2B5BB01570CF5700123B05 /* JSON */ = {
			isa = PBXGroup;
			children = (
				9E2B5BB11570CF5700123B05 /* JSON.h */,
				9E2B5BB21570CF5700123B05 /* NSObject+SBJSON.h */,
				9E2B5BB31570CF5700123B05 /* NSObject+SBJSON.m */,
				9E2B5BB41570CF5700123B05 /* NSString+SBJSON.h */,
				9E2B5BB51570CF5700123B05 /* NSString+SBJSON.m */,
				9E2B5BB61570CF5700123B05 /* SBJSON.h */,
				9E2B5BB71570CF5700123B05 /* SBJSON.m */,
				9E2B5BB81570CF5700123B05 /* SBJsonBase.h */,
				9E2B5BB91570CF5700123B05 /* SBJsonBase.m */,
				9E2B5BBA1570CF5700123B05 /* SBJsonParser.h */,
				9E2B5BBB1570CF5700123B05 /* SBJsonParser.m */,
				9E2B5BBC1570CF5700123B05 /* SBJsonWriter.h */,
				9E2B5BBD1570CF5700123B05 /* SBJsonWriter.m */,
			);
			path = JSON;
			sourceTree = "<group>";
		};
		9E2B5BC41570CFDB00123B05 /* PullToRefresh */ = {
			isa = PBXGroup;
			children = (
				9E2B5BEA1570D96F00123B05 /* PullRefreshTableViewController.h */,
				9E2B5BEB1570D96F00123B05 /* PullRefreshTableViewController.m */,
			);
			name = PullToRefresh;
			sourceTree = "<group>";
		};
		9E2B5BCC1570D07100123B05 /* Login */ = {
			isa = PBXGroup;
			children = (
				9E2B5BCD1570D08100123B05 /* LoginViewController.h */,
				9E2B5BCE1570D08100123B05 /* LoginViewController.m */,
			);
			name = Login;
			sourceTree = "<group>";
		};
		9E2B5BD41570D40100123B05 /* Images */ = {
			isa = PBXGroup;
			children = (
				9E2B5BE11570D4DB00123B05 /* logoR.png */,
				9E2B5BD51570D42800123B05 /* 24_info.png */,
				9E2B5BD61570D42800123B05 /* arrow.png */,
				9E2B5BD71570D42800123B05 /* Default.png */,
				9E2B5BD81570D42800123B05 /* logo.png */,
				9E2B5BDA1570D42800123B05 /* pin.png */,
			);
			name = Images;
			sourceTree = "<group>";
		};
		9E2B5BE31570D82C00123B05 /* XMLParser */ = {
			isa = PBXGroup;
			children = (
				9E2B5BE41570D87100123B05 /* ClubDetailsInterface.h */,
				9E2B5BE51570D87100123B05 /* ClubDetailsInterface.m */,
				9E2B5BE61570D87100123B05 /* XMLParser.h */,
				9E2B5BE71570D87100123B05 /* XMLParser.m */,
			);
			name = XMLParser;
			sourceTree = "<group>";
		};
		9E2B5BED1570DB1200123B05 /* ClubMap */ = {
			isa = PBXGroup;
			children = (
				9E2B5BEE1570DB9600123B05 /* MapViewAnnotation.h */,
				9E2B5BEF1570DB9600123B05 /* MapViewAnnotation.m */,
				9E2B5BF01570DB9600123B05 /* NearbyClubsViewController.h */,
				9E2B5BF11570DB9600123B05 /* NearbyClubsViewController.m */,
			);
			name = ClubMap;
			sourceTree = "<group>";
		};
		9E2B5BFC1570F5A800123B05 /* DetailView */ = {
			isa = PBXGroup;
			children = (
				9E2B5BFD1570F5CD00123B05 /* DetailViewController.h */,
				9E2B5BFE1570F5CD00123B05 /* DetailViewController.m */,
			);
			name = DetailView;
			sourceTree = "<group>";
		};
/* End PBXGroup section */

/* Begin PBXNativeTarget section */
		9E2B5A87157056A800123B05 /* ClubIn */ = {
			isa = PBXNativeTarget;
			buildConfigurationList = 9E2B5AB5157056A800123B05 /* Build configuration list for PBXNativeTarget "ClubIn" */;
			buildPhases = (
				9E2B5A84157056A800123B05 /* Sources */,
				9E2B5A85157056A800123B05 /* Frameworks */,
				9E2B5A86157056A800123B05 /* Resources */,
			);
			buildRules = (
			);
			dependencies = (
			);
			name = ClubIn;
			productName = ClubIn;
			productReference = 9E2B5A88157056A800123B05 /* ClubIn.app */;
			productType = "com.apple.product-type.application";
		};
		9E2B5AA2157056A800123B05 /* ClubInTests */ = {
			isa = PBXNativeTarget;
			buildConfigurationList = 9E2B5AB8157056A800123B05 /* Build configuration list for PBXNativeTarget "ClubInTests" */;
			buildPhases = (
				9E2B5A9E157056A800123B05 /* Sources */,
				9E2B5A9F157056A800123B05 /* Frameworks */,
				9E2B5AA0157056A800123B05 /* Resources */,
				9E2B5AA1157056A800123B05 /* ShellScript */,
			);
			buildRules = (
			);
			dependencies = (
				9E2B5AA9157056A800123B05 /* PBXTargetDependency */,
			);
			name = ClubInTests;
			productName = ClubInTests;
			productReference = 9E2B5AA3157056A800123B05 /* ClubInTests.octest */;
			productType = "com.apple.product-type.bundle";
		};
/* End PBXNativeTarget section */

/* Begin PBXProject section */
		9E2B5A7F157056A800123B05 /* Project object */ = {
			isa = PBXProject;
			attributes = {
				LastUpgradeCheck = 0430;
			};
			buildConfigurationList = 9E2B5A82157056A800123B05 /* Build configuration list for PBXProject "ClubIn" */;
			compatibilityVersion = "Xcode 3.2";
			developmentRegion = English;
			hasScannedForEncodings = 0;
			knownRegions = (
				en,
			);
			mainGroup = 9E2B5A7D157056A800123B05;
			productRefGroup = 9E2B5A89157056A800123B05 /* Products */;
			projectDirPath = "";
			projectRoot = "";
			targets = (
				9E2B5A87157056A800123B05 /* ClubIn */,
				9E2B5AA2157056A800123B05 /* ClubInTests */,
			);
		};
/* End PBXProject section */

/* Begin PBXResourcesBuildPhase section */
		9E2B5A86157056A800123B05 /* Resources */ = {
			isa = PBXResourcesBuildPhase;
			buildActionMask = 2147483647;
			files = (
				9E2B5A97157056A800123B05 /* InfoPlist.strings in Resources */,
				9E2B5B4B1570ADCE00123B05 /* FBConnect.bundle in Resources */,
				9E2B5B4C1570ADCE00123B05 /* FBDialog.bundle in Resources */,
				9E2B5BDB1570D42800123B05 /* 24_info.png in Resources */,
				9E2B5BDC1570D42800123B05 /* arrow.png in Resources */,
				9E2B5BDD1570D42800123B05 /* Default.png in Resources */,
				9E2B5BDE1570D42800123B05 /* logo.png in Resources */,
				9E2B5BE01570D42800123B05 /* pin.png in Resources */,
				9E2B5BE21570D4DB00123B05 /* logoR.png in Resources */,
			);
			runOnlyForDeploymentPostprocessing = 0;
		};
		9E2B5AA0157056A800123B05 /* Resources */ = {
			isa = PBXResourcesBuildPhase;
			buildActionMask = 2147483647;
			files = (
				9E2B5AAF157056A800123B05 /* InfoPlist.strings in Resources */,
			);
			runOnlyForDeploymentPostprocessing = 0;
		};
/* End PBXResourcesBuildPhase section */

/* Begin PBXShellScriptBuildPhase section */
		9E2B5AA1157056A800123B05 /* ShellScript */ = {
			isa = PBXShellScriptBuildPhase;
			buildActionMask = 2147483647;
			files = (
			);
			inputPaths = (
			);
			outputPaths = (
			);
			runOnlyForDeploymentPostprocessing = 0;
			shellPath = /bin/sh;
			shellScript = "# Run the unit tests in this test bundle.\n\"${SYSTEM_DEVELOPER_DIR}/Tools/RunUnitTests\"\n";
		};
/* End PBXShellScriptBuildPhase section */

/* Begin PBXSourcesBuildPhase section */
		9E2B5A84157056A800123B05 /* Sources */ = {
			isa = PBXSourcesBuildPhase;
			buildActionMask = 2147483647;
			files = (
				9E2B5A99157056A800123B05 /* main.m in Sources */,
				9E2B5A9D157056A800123B05 /* AppDelegate.m in Sources */,
				9E2B5ABE157056F700123B05 /* ClubsViewController.m in Sources */,
				9E2B5AC515705B2F00123B05 /* ProfileViewController.m in Sources */,
				9E2B5B4A1570ADCE00123B05 /* Facebook.m in Sources */,
				9E2B5B4D1570ADCE00123B05 /* FBDialog.m in Sources */,
				9E2B5B4E1570ADCE00123B05 /* FBFrictionlessRequestSettings.m in Sources */,
				9E2B5B4F1570ADCE00123B05 /* FBLoginDialog.m in Sources */,
				9E2B5B501570ADCE00123B05 /* FBRequest.m in Sources */,
				9E2B5BBE1570CF5700123B05 /* NSObject+SBJSON.m in Sources */,
				9E2B5BBF1570CF5700123B05 /* NSString+SBJSON.m in Sources */,
				9E2B5BC01570CF5700123B05 /* SBJSON.m in Sources */,
				9E2B5BC11570CF5700123B05 /* SBJsonBase.m in Sources */,
				9E2B5BC21570CF5700123B05 /* SBJsonParser.m in Sources */,
				9E2B5BC31570CF5700123B05 /* SBJsonWriter.m in Sources */,
				9E2B5BCF1570D08100123B05 /* LoginViewController.m in Sources */,
				9E2B5BE81570D87100123B05 /* ClubDetailsInterface.m in Sources */,
				9E2B5BE91570D87100123B05 /* XMLParser.m in Sources */,
				9E2B5BEC1570D96F00123B05 /* PullRefreshTableViewController.m in Sources */,
				9E2B5BF21570DB9600123B05 /* MapViewAnnotation.m in Sources */,
				9E2B5BF31570DB9600123B05 /* NearbyClubsViewController.m in Sources */,
				9E2B5BFF1570F5CD00123B05 /* DetailViewController.m in Sources */,
			);
			runOnlyForDeploymentPostprocessing = 0;
		};
		9E2B5A9E157056A800123B05 /* Sources */ = {
			isa = PBXSourcesBuildPhase;
			buildActionMask = 2147483647;
			files = (
				9E2B5AB2157056A800123B05 /* ClubInTests.m in Sources */,
			);
			runOnlyForDeploymentPostprocessing = 0;
		};
/* End PBXSourcesBuildPhase section */

/* Begin PBXTargetDependency section */
		9E2B5AA9157056A800123B05 /* PBXTargetDependency */ = {
			isa = PBXTargetDependency;
			target = 9E2B5A87157056A800123B05 /* ClubIn */;
			targetProxy = 9E2B5AA8157056A800123B05 /* PBXContainerItemProxy */;
		};
/* End PBXTargetDependency section */

/* Begin PBXVariantGroup section */
		9E2B5A95157056A800123B05 /* InfoPlist.strings */ = {
			isa = PBXVariantGroup;
			children = (
				9E2B5A96157056A800123B05 /* en */,
			);
			name = InfoPlist.strings;
			sourceTree = "<group>";
		};
		9E2B5AAD157056A800123B05 /* InfoPlist.strings */ = {
			isa = PBXVariantGroup;
			children = (
				9E2B5AAE157056A800123B05 /* en */,
			);
			name = InfoPlist.strings;
			sourceTree = "<group>";
		};
/* End PBXVariantGroup section */

/* Begin XCBuildConfiguration section */
		9E2B5AB3157056A800123B05 /* Debug */ = {
			isa = XCBuildConfiguration;
			buildSettings = {
				ALWAYS_SEARCH_USER_PATHS = NO;
				ARCHS = "$(ARCHS_STANDARD_32_BIT)";
				CLANG_ENABLE_OBJC_ARC = YES;
				"CODE_SIGN_IDENTITY[sdk=iphoneos*]" = "iPhone Developer";
				COPY_PHASE_STRIP = NO;
				GCC_C_LANGUAGE_STANDARD = gnu99;
				GCC_DYNAMIC_NO_PIC = NO;
				GCC_OPTIMIZATION_LEVEL = 0;
				GCC_PREPROCESSOR_DEFINITIONS = (
					"DEBUG=1",
					"$(inherited)",
				);
				GCC_SYMBOLS_PRIVATE_EXTERN = NO;
				GCC_VERSION = com.apple.compilers.llvm.clang.1_0;
				GCC_WARN_ABOUT_RETURN_TYPE = YES;
				GCC_WARN_UNINITIALIZED_AUTOS = YES;
				GCC_WARN_UNUSED_VARIABLE = YES;
				IPHONEOS_DEPLOYMENT_TARGET = 5.1;
				SDKROOT = iphoneos;
				TARGETED_DEVICE_FAMILY = "1,2";
			};
			name = Debug;
		};
		9E2B5AB4157056A800123B05 /* Release */ = {
			isa = XCBuildConfiguration;
			buildSettings = {
				ALWAYS_SEARCH_USER_PATHS = NO;
				ARCHS = "$(ARCHS_STANDARD_32_BIT)";
				CLANG_ENABLE_OBJC_ARC = YES;
				"CODE_SIGN_IDENTITY[sdk=iphoneos*]" = "iPhone Developer";
				COPY_PHASE_STRIP = YES;
				GCC_C_LANGUAGE_STANDARD = gnu99;
				GCC_VERSION = com.apple.compilers.llvm.clang.1_0;
				GCC_WARN_ABOUT_RETURN_TYPE = YES;
				GCC_WARN_UNINITIALIZED_AUTOS = YES;
				GCC_WARN_UNUSED_VARIABLE = YES;
				IPHONEOS_DEPLOYMENT_TARGET = 5.1;
				OTHER_CFLAGS = "-DNS_BLOCK_ASSERTIONS=1";
				SDKROOT = iphoneos;
				TARGETED_DEVICE_FAMILY = "1,2";
				VALIDATE_PRODUCT = YES;
			};
			name = Release;
		};
		9E2B5AB6157056A800123B05 /* Debug */ = {
			isa = XCBuildConfiguration;
			buildSettings = {
				CLANG_ENABLE_OBJC_ARC = NO;
				GCC_PRECOMPILE_PREFIX_HEADER = YES;
				GCC_PREFIX_HEADER = "ClubIn/ClubIn-Prefix.pch";
				INFOPLIST_FILE = "ClubIn/ClubIn-Info.plist";
				PRODUCT_NAME = "$(TARGET_NAME)";
				WRAPPER_EXTENSION = app;
			};
			name = Debug;
		};
		9E2B5AB7157056A800123B05 /* Release */ = {
			isa = XCBuildConfiguration;
			buildSettings = {
				CLANG_ENABLE_OBJC_ARC = NO;
				GCC_PRECOMPILE_PREFIX_HEADER = YES;
				GCC_PREFIX_HEADER = "ClubIn/ClubIn-Prefix.pch";
				INFOPLIST_FILE = "ClubIn/ClubIn-Info.plist";
				PRODUCT_NAME = "$(TARGET_NAME)";
				WRAPPER_EXTENSION = app;
			};
			name = Release;
		};
		9E2B5AB9157056A800123B05 /* Debug */ = {
			isa = XCBuildConfiguration;
			buildSettings = {
				BUNDLE_LOADER = "$(BUILT_PRODUCTS_DIR)/ClubIn.app/ClubIn";
				FRAMEWORK_SEARCH_PATHS = (
					"$(SDKROOT)/Developer/Library/Frameworks",
					"$(DEVELOPER_LIBRARY_DIR)/Frameworks",
				);
				GCC_PRECOMPILE_PREFIX_HEADER = YES;
				GCC_PREFIX_HEADER = "ClubIn/ClubIn-Prefix.pch";
				INFOPLIST_FILE = "ClubInTests/ClubInTests-Info.plist";
				PRODUCT_NAME = "$(TARGET_NAME)";
				TEST_HOST = "$(BUNDLE_LOADER)";
				WRAPPER_EXTENSION = octest;
			};
			name = Debug;
		};
		9E2B5ABA157056A800123B05 /* Release */ = {
			isa = XCBuildConfiguration;
			buildSettings = {
				BUNDLE_LOADER = "$(BUILT_PRODUCTS_DIR)/ClubIn.app/ClubIn";
				FRAMEWORK_SEARCH_PATHS = (
					"$(SDKROOT)/Developer/Library/Frameworks",
					"$(DEVELOPER_LIBRARY_DIR)/Frameworks",
				);
				GCC_PRECOMPILE_PREFIX_HEADER = YES;
				GCC_PREFIX_HEADER = "ClubIn/ClubIn-Prefix.pch";
				INFOPLIST_FILE = "ClubInTests/ClubInTests-Info.plist";
				PRODUCT_NAME = "$(TARGET_NAME)";
				TEST_HOST = "$(BUNDLE_LOADER)";
				WRAPPER_EXTENSION = octest;
			};
			name = Release;
		};
/* End XCBuildConfiguration section */

/* Begin XCConfigurationList section */
		9E2B5A82157056A800123B05 /* Build configuration list for PBXProject "ClubIn" */ = {
			isa = XCConfigurationList;
			buildConfigurations = (
				9E2B5AB3157056A800123B05 /* Debug */,
				9E2B5AB4157056A800123B05 /* Release */,
			);
			defaultConfigurationIsVisible = 0;
			defaultConfigurationName = Release;
		};
		9E2B5AB5157056A800123B05 /* Build configuration list for PBXNativeTarget "ClubIn" */ = {
			isa = XCConfigurationList;
			buildConfigurations = (
				9E2B5AB6157056A800123B05 /* Debug */,
				9E2B5AB7157056A800123B05 /* Release */,
			);
			defaultConfigurationIsVisible = 0;
			defaultConfigurationName = Release;
		};
		9E2B5AB8157056A800123B05 /* Build configuration list for PBXNativeTarget "ClubInTests" */ = {
			isa = XCConfigurationList;
			buildConfigurations = (
				9E2B5AB9157056A800123B05 /* Debug */,
				9E2B5ABA157056A800123B05 /* Release */,
			);
			defaultConfigurationIsVisible = 0;
			defaultConfigurationName = Release;
		};
/* End XCConfigurationList section */
	};
	rootObject = 9E2B5A7F157056A800123B05 /* Project object */;
}
